<?xml version="1.0" encoding="utf-8"?>
<Project ToolsVersion="4.0" xmlns="http://schemas.microsoft.com/developer/msbuild/2003">
  <ItemGroup>
    <Filter Include="Source Files">
      <UniqueIdentifier>{4FC737F1-C7A5-4376-A066-2A32D752A2FF}</UniqueIdentifier>
      <Extensions>cpp;c;cc;cxx;c++;cppm;ixx;def;odl;idl;hpj;bat;asm;asmx</Extensions>
    </Filter>
    <Filter Include="Header Files">
      <UniqueIdentifier>{93995380-89BD-4b04-88EB-625FBE52EBFB}</UniqueIdentifier>
      <Extensions>h;hh;hpp;hxx;h++;hm;inl;inc;ipp;xsd</Extensions>
    </Filter>
    <Filter Include="Resource Files">
      <UniqueIdentifier>{67DA6AB6-F800-4c08-8B7A-83BB121AAD01}</UniqueIdentifier>
      <Extensions>rc;ico;cur;bmp;dlg;rc2;rct;bin;rgs;gif;jpg;jpeg;jpe;resx;tiff;tif;png;wav;mfcribbon-ms</Extensions>
    </Filter>
    <Filter Include="Header Files\Profiling">
      <UniqueIdentifier>{a974feb0-2965-4ef3-b82a-7cd3332b27e0}</UniqueIdentifier>
    </Filter>
    <Filter Include="Header Files\Loading">
      <UniqueIdentifier>{500d56a6-598b-46d9-8f4c-2e3bc6cee662}</UniqueIdentifier>
    </Filter>
    <Filter Include="Source Files\Loading">
      <UniqueIdentifier>{2cb53cbb-692e-42b0-a6ca-748dcf46efcb}</UniqueIdentifier>
    </Filter>
    <Filter Include="Header Files\Logging">
      <UniqueIdentifier>{1de0f334-de04-4ece-a522-b40f40000b18}</UniqueIdentifier>
    </Filter>
    <Filter Include="Source Files\Logging">
      <UniqueIdentifier>{a619ac6b-d304-4f1c-b7e3-a4be93ac452c}</UniqueIdentifier>
    </Filter>
  </ItemGroup>
  <ItemGroup>
    <ClCompile Include="_Loaders\CLParser.cpp">
      <Filter>Source Files\Loading</Filter>
    </ClCompile>
    <ClCompile Include="_Logging\Logger.cpp">
      <Filter>Source Files\Logging</Filter>
    </ClCompile>
    <ClCompile Include="Hashing.cpp">
      <Filter>Source Files</Filter>
    </ClCompile>
  </ItemGroup>
  <ItemGroup>
    <ClInclude Include="_Loaders\CLParser.h">
      <Filter>Header Files\Loading</Filter>
    </ClInclude>
    <ClInclude Include="_Profiling\PixScopedEvent.h">
      <Filter>Header Files\Profiling</Filter>
    </ClInclude>
    <ClInclude Include="_Profiling\ProfileMarker.h">
      <Filter>Header Files\Profiling</Filter>
    </ClInclude>
    <ClInclude Include="_Logging\Logger.h">
      <Filter>Header Files\Logging</Filter>
    </ClInclude>
    <ClInclude Include="Defines.h">
      <Filter>Header Files</Filter>
    </ClInclude>
    <ClInclude Include="Hashing.h">
      <Filter>Header Files</Filter>
    </ClInclude>
  </ItemGroup>
</Project>