<?xml version="1.0" encoding="utf-8"?>
<Project ToolsVersion="4.0" xmlns="http://schemas.microsoft.com/developer/msbuild/2003">
  <ItemGroup>
    <Filter Include="Source Files">
      <UniqueIdentifier>{4FC737F1-C7A5-4376-A066-2A32D752A2FF}</UniqueIdentifier>
      <Extensions>cpp;c;cc;cxx;c++;cppm;ixx;def;odl;idl;hpj;bat;asm;asmx</Extensions>
    </Filter>
    <Filter Include="Header Files">
      <UniqueIdentifier>{93995380-89BD-4b04-88EB-625FBE52EBFB}</UniqueIdentifier>
      <Extensions>h;hh;hpp;hxx;h++;hm;inl;inc;ipp;xsd</Extensions>
    </Filter>
    <Filter Include="Resource Files">
      <UniqueIdentifier>{67DA6AB6-F800-4c08-8B7A-83BB121AAD01}</UniqueIdentifier>
      <Extensions>rc;ico;cur;bmp;dlg;rc2;rct;bin;rgs;gif;jpg;jpeg;jpe;resx;tiff;tif;png;wav;mfcribbon-ms</Extensions>
    </Filter>
    <Filter Include="Header Files\Device">
      <UniqueIdentifier>{d86198d3-4871-49bd-aa1f-c966d468827b}</UniqueIdentifier>
    </Filter>
    <Filter Include="Source Files\Device">
      <UniqueIdentifier>{9fa0e4be-7607-409c-95bc-7007798863b5}</UniqueIdentifier>
    </Filter>
    <Filter Include="Header Files\Resources">
      <UniqueIdentifier>{5c6ce809-100f-4c40-a032-e537a8085a59}</UniqueIdentifier>
    </Filter>
    <Filter Include="Source Files\Resources">
      <UniqueIdentifier>{ee429d33-2295-4da1-91dd-1060b1f83105}</UniqueIdentifier>
    </Filter>
  </ItemGroup>
  <ItemGroup>
    <ClCompile Include="DirectX12\CommandListDx12.cpp">
      <Filter>Source Files\Device</Filter>
    </ClCompile>
    <ClCompile Include="DirectX12\CommandQueueDx12.cpp">
      <Filter>Source Files\Device</Filter>
    </ClCompile>
    <ClCompile Include="DirectX12\DescriptorHeapDx12.cpp">
      <Filter>Source Files\Device</Filter>
    </ClCompile>
    <ClCompile Include="DirectX12\DeviceDx12.cpp">
      <Filter>Source Files\Device</Filter>
    </ClCompile>
    <ClCompile Include="DirectX12\SwapChainDx12.cpp">
      <Filter>Source Files\Device</Filter>
    </ClCompile>
    <ClCompile Include="DirectX12\ConstantBufferResourceDx12.cpp">
      <Filter>Source Files\Resources</Filter>
    </ClCompile>
  </ItemGroup>
  <ItemGroup>
    <ClInclude Include="DirectX12\CommandListDx12.h">
      <Filter>Header Files\Device</Filter>
    </ClInclude>
    <ClInclude Include="DirectX12\CommandQueueDx12.h">
      <Filter>Header Files\Device</Filter>
    </ClInclude>
    <ClInclude Include="DirectX12\DescriptorHeapDx12.h">
      <Filter>Header Files\Device</Filter>
    </ClInclude>
    <ClInclude Include="DirectX12\DeviceDx12.h">
      <Filter>Header Files\Device</Filter>
    </ClInclude>
    <ClInclude Include="DirectX12\Dx12Defines.h">
      <Filter>Header Files\Device</Filter>
    </ClInclude>
    <ClInclude Include="DirectX12\SwapChainDx12.h">
      <Filter>Header Files\Device</Filter>
    </ClInclude>
    <ClInclude Include="DirectX12\ConstantBufferResourceDx12.h">
      <Filter>Header Files\Resources</Filter>
    </ClInclude>
    <ClInclude Include="DirectX12\GpuResourceDx12.h">
      <Filter>Header Files\Resources</Filter>
    </ClInclude>
  </ItemGroup>
</Project>