<?xml version="1.0" encoding="utf-8"?>
<Project ToolsVersion="4.0" xmlns="http://schemas.microsoft.com/developer/msbuild/2003">
  <ItemGroup>
    <Filter Include="Module Headers">
      <UniqueIdentifier>{93995380-89BD-4b04-88EB-625FBE52EBFB}</UniqueIdentifier>
      <Extensions>h;hh;hpp;hxx;h++;hm;inl;inc;ipp;xsd</Extensions>
    </Filter>
    <Filter Include="Module Implementations">
      <UniqueIdentifier>{67DA6AB6-F800-4c08-8B7A-83BB121AAD01}</UniqueIdentifier>
      <Extensions>rc;ico;cur;bmp;dlg;rc2;rct;bin;rgs;gif;jpg;jpeg;jpe;resx;tiff;tif;png;wav;mfcribbon-ms</Extensions>
    </Filter>
    <Filter Include="Module Interfaces">
      <UniqueIdentifier>{4FC737F1-C7A5-4376-A066-2A32D752A2FF}</UniqueIdentifier>
      <Extensions>cpp;c;cc;cxx;c++;cppm;ixx;def;odl;idl;hpj;bat;asm;asmx</Extensions>
    </Filter>
    <Filter Include="Module Headers\Device">
      <UniqueIdentifier>{c3fd6a5b-b4ee-441b-acde-3aee95bcbb52}</UniqueIdentifier>
    </Filter>
    <Filter Include="Module Headers\Profiling">
      <UniqueIdentifier>{59dfa21c-2526-48c0-95a8-09c418d1b949}</UniqueIdentifier>
    </Filter>
    <Filter Include="Module Implementations\Device">
      <UniqueIdentifier>{cf9ce844-7126-4586-9d35-9bdbfed647ef}</UniqueIdentifier>
    </Filter>
    <Filter Include="Module Headers\States">
      <UniqueIdentifier>{7f027276-d89f-4a49-b83a-2d0fcdd36350}</UniqueIdentifier>
    </Filter>
    <Filter Include="Module Implementations\States">
      <UniqueIdentifier>{16e84335-524e-4e19-b9fa-21f816b3c290}</UniqueIdentifier>
    </Filter>
    <Filter Include="Module Headers\Resources">
      <UniqueIdentifier>{ff31656b-af54-47ba-9206-606c96a386d7}</UniqueIdentifier>
    </Filter>
    <Filter Include="Module Implementations\Resources">
      <UniqueIdentifier>{1923020f-cc2f-4c9d-b4f8-c156258c1da1}</UniqueIdentifier>
    </Filter>
    <Filter Include="Module Headers\Shaders">
      <UniqueIdentifier>{597ae5ad-aacb-4d4c-8866-53f347c70976}</UniqueIdentifier>
    </Filter>
    <Filter Include="Module Implementations\Shaders">
      <UniqueIdentifier>{efbc6e36-d1cb-4eae-9a8a-bd27e1ef74e8}</UniqueIdentifier>
    </Filter>
    <Filter Include="Module Headers\Helpers">
      <UniqueIdentifier>{4e8fed06-f69d-45fb-a976-aa4a4c868a94}</UniqueIdentifier>
    </Filter>
    <Filter Include="Module Implementations\Profiling">
      <UniqueIdentifier>{cc5bb930-6be4-4289-b884-e14783f27429}</UniqueIdentifier>
    </Filter>
    <Filter Include="Module Headers\Core">
      <UniqueIdentifier>{8bc20103-8303-49cf-99df-b73fdecaa7f8}</UniqueIdentifier>
    </Filter>
    <Filter Include="Module Implementations\Core">
      <UniqueIdentifier>{99a3dd19-d7b9-4669-9c0e-05174cccbb09}</UniqueIdentifier>
    </Filter>
    <Filter Include="Module Headers\Scene">
      <UniqueIdentifier>{340370fb-4ec2-4b30-823d-c171b9c8af46}</UniqueIdentifier>
    </Filter>
    <Filter Include="Module Implementations\Scene">
      <UniqueIdentifier>{f6c5e9ae-59a5-4c81-8979-78f50c2da860}</UniqueIdentifier>
    </Filter>
    <Filter Include="Module Implementations\Helpers">
      <UniqueIdentifier>{f7fb1e9b-18ba-4d2d-b829-7cb445a5de58}</UniqueIdentifier>
    </Filter>
  </ItemGroup>
  <ItemGroup>
    <ClInclude Include="Device\CommandList.h">
      <Filter>Module Headers\Device</Filter>
    </ClInclude>
    <ClInclude Include="Profiling\ArtemisMarkerCPU.h">
      <Filter>Module Headers\Profiling</Filter>
    </ClInclude>
    <ClInclude Include="Profiling\ArtemisMarkerGPU.h">
      <Filter>Module Headers\Profiling</Filter>
    </ClInclude>
    <ClInclude Include="Device\CommandQueue.h">
      <Filter>Module Headers\Device</Filter>
    </ClInclude>
    <ClInclude Include="Device\SwapChain.h">
      <Filter>Module Headers\Device</Filter>
    </ClInclude>
    <ClInclude Include="Device\RenderDevice.h">
      <Filter>Module Headers\Device</Filter>
    </ClInclude>
    <ClInclude Include="Resources\DescriptorHeap.h">
      <Filter>Module Headers\Resources</Filter>
    </ClInclude>
    <ClInclude Include="Resources\ConstantBufferParameters.h">
      <Filter>Module Headers\Resources</Filter>
    </ClInclude>
    <ClInclude Include="Resources\ConstantBuffer.h">
      <Filter>Module Headers\Resources</Filter>
    </ClInclude>
    <ClInclude Include="Resources\IBufferResource.h">
      <Filter>Module Headers\Resources</Filter>
    </ClInclude>
    <ClInclude Include="Resources\GpuResourceTable.h">
      <Filter>Module Headers\Resources</Filter>
    </ClInclude>
    <ClInclude Include="Shaders\IShader.h">
      <Filter>Module Headers\Shaders</Filter>
    </ClInclude>
    <ClInclude Include="Shaders\IShaderCompiler.h">
      <Filter>Module Headers\Shaders</Filter>
    </ClInclude>
    <ClInclude Include="Shaders\ShaderCache.h">
      <Filter>Module Headers\Shaders</Filter>
    </ClInclude>
    <ClInclude Include="Shaders\ShaderCompilerDX.h">
      <Filter>Module Headers\Shaders</Filter>
    </ClInclude>
    <ClInclude Include="Shaders\ShaderCompilerDXC.h">
      <Filter>Module Headers\Shaders</Filter>
    </ClInclude>
    <ClInclude Include="Shaders\ShaderCompilerFXC.h">
      <Filter>Module Headers\Shaders</Filter>
    </ClInclude>
    <ClInclude Include="Shaders\Shader.h">
      <Filter>Module Headers\Shaders</Filter>
    </ClInclude>
    <ClInclude Include="Resources\IndexBuffer.h">
      <Filter>Module Headers\Resources</Filter>
    </ClInclude>
    <ClInclude Include="Resources\Texture2D.h">
      <Filter>Module Headers\Resources</Filter>
    </ClInclude>
    <ClInclude Include="Resources\UploadBuffer.h">
      <Filter>Module Headers\Resources</Filter>
    </ClInclude>
    <ClInclude Include="Resources\VertexBuffer.h">
      <Filter>Module Headers\Resources</Filter>
    </ClInclude>
    <ClInclude Include="Helpers\Defines.h">
      <Filter>Module Headers\Helpers</Filter>
    </ClInclude>
    <ClInclude Include="Helpers\d3dx12.h">
      <Filter>Module Headers\Helpers</Filter>
    </ClInclude>
    <ClInclude Include="Core\RendererForward.h">
      <Filter>Module Headers\Core</Filter>
    </ClInclude>
    <ClInclude Include="Core\IRenderer.h">
      <Filter>Module Headers\Core</Filter>
    </ClInclude>
    <ClInclude Include="Resources\ConstantTable.h">
      <Filter>Module Headers\Resources</Filter>
    </ClInclude>
    <ClInclude Include="Resources\CBStructures.h">
      <Filter>Module Headers\Resources</Filter>
    </ClInclude>
    <ClInclude Include="Scene\Camera.h">
      <Filter>Module Headers\Scene</Filter>
    </ClInclude>
    <ClInclude Include="Scene\RenderEntity.h">
      <Filter>Module Headers\Scene</Filter>
    </ClInclude>
    <ClInclude Include="Helpers\AssimpLoader.h">
      <Filter>Module Headers\Helpers</Filter>
    </ClInclude>
    <ClInclude Include="Helpers\TextureLoader.h">
      <Filter>Module Headers\Helpers</Filter>
    </ClInclude>
  </ItemGroup>
  <ItemGroup>
    <ClCompile Include="Artemis.Renderer.ixx">
      <Filter>Module Interfaces</Filter>
    </ClCompile>
    <ClCompile Include="Profiling\Artemis.Renderer-Profiling.ixx">
      <Filter>Module Interfaces</Filter>
    </ClCompile>
    <ClCompile Include="Device\Artemis.Renderer-Device.ixx">
      <Filter>Module Interfaces</Filter>
    </ClCompile>
    <ClCompile Include="Device\Artemis.Renderer-Device-CommandQueue.cpp">
      <Filter>Module Implementations\Device</Filter>
    </ClCompile>
    <ClCompile Include="Device\Artemis.Renderer-Device-CommandList.cpp">
      <Filter>Module Implementations\Device</Filter>
    </ClCompile>
    <ClCompile Include="Device\Artemis.Renderer-Device-SwapChain.cpp">
      <Filter>Module Implementations\Device</Filter>
    </ClCompile>
    <ClCompile Include="Device\Artemis.Renderer-Device-RenderDevice.cpp">
      <Filter>Module Implementations\Device</Filter>
    </ClCompile>
    <ClCompile Include="States\SamplerState.h">
      <Filter>Module Headers\States</Filter>
    </ClCompile>
    <ClCompile Include="Resources\Artemis.Renderer-Resources-DescriptorHeap.cpp">
      <Filter>Module Implementations\Resources</Filter>
    </ClCompile>
    <ClCompile Include="Resources\Artemis.Renderer-Resources.ixx">
      <Filter>Module Interfaces</Filter>
    </ClCompile>
    <ClCompile Include="States\Artemis.Renderer-States-SamplerState.cpp">
      <Filter>Module Implementations\States</Filter>
    </ClCompile>
    <ClCompile Include="States\Artemis.Renderer-States.ixx">
      <Filter>Module Interfaces</Filter>
    </ClCompile>
    <ClCompile Include="Resources\Artemis.Renderer-Resources-IBufferResources.cpp">
      <Filter>Module Implementations\Resources</Filter>
    </ClCompile>
    <ClCompile Include="Resources\Artemis.Renderer-Resources-ConstantBuffer.cpp">
      <Filter>Module Implementations\Resources</Filter>
    </ClCompile>
    <ClCompile Include="Shaders\Artemis.Renderer-Shaders.ixx">
      <Filter>Module Interfaces</Filter>
    </ClCompile>
    <ClCompile Include="Shaders\Artemis.Renderer-Shaders-ShaderCompiler.cpp">
      <Filter>Module Implementations\Shaders</Filter>
    </ClCompile>
    <ClCompile Include="Shaders\Artemis.Renderer-Shaders-ShaderCache.cpp">
      <Filter>Module Implementations\Shaders</Filter>
    </ClCompile>
    <ClCompile Include="Resources\Artemis.Renderer-Resources-GpuResourceTable.cpp">
      <Filter>Module Implementations\Resources</Filter>
    </ClCompile>
    <ClCompile Include="Resources\Artemis.Renderer-Resources-IndexBuffer.cpp">
      <Filter>Module Implementations\Resources</Filter>
    </ClCompile>
    <ClCompile Include="Resources\Artemis.Renderer-Resources-Texture2D.cpp">
      <Filter>Module Implementations\Resources</Filter>
    </ClCompile>
    <ClCompile Include="Resources\Artemis.Renderer-Resources-VertexBuffer.cpp">
      <Filter>Module Implementations\Resources</Filter>
    </ClCompile>
    <ClCompile Include="Profiling\Artemis.Renderer-Profiling.cpp">
      <Filter>Module Implementations\Profiling</Filter>
    </ClCompile>
    <ClCompile Include="Core\Artemis.Renderer-Core-RendererForward.cpp">
      <Filter>Module Implementations\Core</Filter>
    </ClCompile>
    <ClCompile Include="Resources\Artemis.Renderer-Resources-ConstantTable.cpp">
      <Filter>Module Implementations\Resources</Filter>
    </ClCompile>
    <ClCompile Include="Scene\Artemis.Renderer-Scene.ixx">
      <Filter>Module Interfaces</Filter>
    </ClCompile>
    <ClCompile Include="Core\Artemis.Renderer-Core.ixx">
      <Filter>Module Interfaces</Filter>
    </ClCompile>
    <ClCompile Include="Helpers\Artemis.Renderer-Helpers-AssimpLoader.cpp">
      <Filter>Module Implementations\Helpers</Filter>
    </ClCompile>
    <ClCompile Include="Helpers\Artemis.Renderer-Helpers-TextureLoader.cpp">
      <Filter>Module Implementations\Helpers</Filter>
    </ClCompile>
    <ClCompile Include="Helpers\Artemis.Renderer-Helpers.ixx">
      <Filter>Module Interfaces</Filter>
    </ClCompile>
    <ClCompile Include="Scene\Artemis.Renderer-Scene-RenderEntity.cpp">
      <Filter>Module Implementations\Scene</Filter>
    </ClCompile>
    <ClCompile Include="Scene\Artemis.Renderer-Scene-Camera.cpp">
      <Filter>Module Implementations\Scene</Filter>
    </ClCompile>
  </ItemGroup>
  <ItemGroup>
    <None Include="packages.config" />
  </ItemGroup>
</Project>