<?xml version="1.0" encoding="utf-8"?>
<Project ToolsVersion="4.0" xmlns="http://schemas.microsoft.com/developer/msbuild/2003">
  <ItemGroup>
    <Filter Include="Module Headers">
      <UniqueIdentifier>{93995380-89BD-4b04-88EB-625FBE52EBFB}</UniqueIdentifier>
      <Extensions>h;hh;hpp;hxx;h++;hm;inl;inc;ipp;xsd</Extensions>
    </Filter>
    <Filter Include="Module Implementations">
      <UniqueIdentifier>{67DA6AB6-F800-4c08-8B7A-83BB121AAD01}</UniqueIdentifier>
      <Extensions>rc;ico;cur;bmp;dlg;rc2;rct;bin;rgs;gif;jpg;jpeg;jpe;resx;tiff;tif;png;wav;mfcribbon-ms</Extensions>
    </Filter>
    <Filter Include="Module Interfaces">
      <UniqueIdentifier>{4FC737F1-C7A5-4376-A066-2A32D752A2FF}</UniqueIdentifier>
      <Extensions>cpp;c;cc;cxx;c++;cppm;ixx;def;odl;idl;hpj;bat;asm;asmx</Extensions>
    </Filter>
    <Filter Include="Module Headers\Device">
      <UniqueIdentifier>{c3fd6a5b-b4ee-441b-acde-3aee95bcbb52}</UniqueIdentifier>
    </Filter>
    <Filter Include="Module Headers\Profiling">
      <UniqueIdentifier>{59dfa21c-2526-48c0-95a8-09c418d1b949}</UniqueIdentifier>
    </Filter>
    <Filter Include="Module Implementations\Device">
      <UniqueIdentifier>{cf9ce844-7126-4586-9d35-9bdbfed647ef}</UniqueIdentifier>
    </Filter>
  </ItemGroup>
  <ItemGroup>
    <ClInclude Include="Device\CommandList.h">
      <Filter>Module Headers\Device</Filter>
    </ClInclude>
    <ClInclude Include="Profiling\ArtemisMarkerCPU.h">
      <Filter>Module Headers\Profiling</Filter>
    </ClInclude>
    <ClInclude Include="Profiling\ArtemisMarkerGPU.h">
      <Filter>Module Headers\Profiling</Filter>
    </ClInclude>
    <ClInclude Include="Device\d3dx12.h">
      <Filter>Module Headers\Device</Filter>
    </ClInclude>
    <ClInclude Include="Device\CommandQueue.h">
      <Filter>Module Headers\Device</Filter>
    </ClInclude>
    <ClInclude Include="Device\SwapChain.h">
      <Filter>Module Headers\Device</Filter>
    </ClInclude>
    <ClInclude Include="Device\RenderDevice.h">
      <Filter>Module Headers\Device</Filter>
    </ClInclude>
  </ItemGroup>
  <ItemGroup>
    <ClCompile Include="Artemis.Renderer.ixx">
      <Filter>Module Interfaces</Filter>
    </ClCompile>
    <ClCompile Include="Profiling\Artemis.Renderer-Profiling.ixx">
      <Filter>Module Interfaces</Filter>
    </ClCompile>
    <ClCompile Include="Device\Artemis.Renderer-Device.ixx">
      <Filter>Module Interfaces</Filter>
    </ClCompile>
    <ClCompile Include="Profiling\Artemis.Renderer-Profiling.cpp">
      <Filter>Module Implementations</Filter>
    </ClCompile>
    <ClCompile Include="Device\Artemis.Renderer-Device-CommandQueue.cpp">
      <Filter>Module Implementations\Device</Filter>
    </ClCompile>
    <ClCompile Include="Device\Artemis.Renderer-Device-CommandList.cpp">
      <Filter>Module Implementations\Device</Filter>
    </ClCompile>
    <ClCompile Include="Device\Artemis.Renderer-Device-SwapChain.cpp">
      <Filter>Module Implementations\Device</Filter>
    </ClCompile>
    <ClCompile Include="Device\Artemis.Renderer-Device-RenderDevice.cpp">
      <Filter>Module Implementations\Device</Filter>
    </ClCompile>
  </ItemGroup>
  <ItemGroup>
    <None Include="packages.config" />
  </ItemGroup>
</Project>