<?xml version="1.0" encoding="utf-8"?>
<Project ToolsVersion="4.0" xmlns="http://schemas.microsoft.com/developer/msbuild/2003">
  <ItemGroup>
    <Filter Include="Source Files">
      <UniqueIdentifier>{4FC737F1-C7A5-4376-A066-2A32D752A2FF}</UniqueIdentifier>
      <Extensions>cpp;c;cc;cxx;c++;def;odl;idl;hpj;bat;asm;asmx</Extensions>
    </Filter>
    <Filter Include="Header Files">
      <UniqueIdentifier>{93995380-89BD-4b04-88EB-625FBE52EBFB}</UniqueIdentifier>
      <Extensions>h;hh;hpp;hxx;h++;hm;inl;inc;ipp;xsd</Extensions>
    </Filter>
    <Filter Include="Resource Files">
      <UniqueIdentifier>{67DA6AB6-F800-4c08-8B7A-83BB121AAD01}</UniqueIdentifier>
      <Extensions>rc;ico;cur;bmp;dlg;rc2;rct;bin;rgs;gif;jpg;jpeg;jpe;resx;tiff;tif;png;wav;mfcribbon-ms</Extensions>
    </Filter>
    <Filter Include="Header Files\Core">
      <UniqueIdentifier>{50c7657b-f8da-4549-a6ea-8158329b7e8c}</UniqueIdentifier>
    </Filter>
    <Filter Include="Source Files\Core">
      <UniqueIdentifier>{80f9bd12-7e7d-488b-b7cc-493ec682e56f}</UniqueIdentifier>
    </Filter>
    <Filter Include="Header Files\Interfaces">
      <UniqueIdentifier>{7890285c-c4ea-446a-a546-494734f80633}</UniqueIdentifier>
    </Filter>
    <Filter Include="Source Files\Renderer">
      <UniqueIdentifier>{575e551c-e868-474b-bae4-6f4464765a91}</UniqueIdentifier>
    </Filter>
    <Filter Include="Header Files\Renderer">
      <UniqueIdentifier>{8e84f4df-7c02-420b-b418-30fc898804f8}</UniqueIdentifier>
    </Filter>
    <Filter Include="Resource Files\Shaders">
      <UniqueIdentifier>{64ea940f-962c-48aa-9e8e-d8da97fdd369}</UniqueIdentifier>
    </Filter>
    <Filter Include="Header Files\Utilities">
      <UniqueIdentifier>{e45158fa-9995-495e-b453-5a635b18e938}</UniqueIdentifier>
    </Filter>
    <Filter Include="Source Files\Utilities">
      <UniqueIdentifier>{b7682378-46fc-474f-8bb5-07935ba4aa7e}</UniqueIdentifier>
    </Filter>
    <Filter Include="Header Files\Renderer\D3D12">
      <UniqueIdentifier>{569c62cf-5bdd-404b-a8c6-ad8390f95a56}</UniqueIdentifier>
    </Filter>
    <Filter Include="Source Files\Renderer\D3D12">
      <UniqueIdentifier>{042e4a37-bee4-4a8f-9602-57919e080dc2}</UniqueIdentifier>
    </Filter>
    <Filter Include="Header Files\Renderer\D3D12\Device">
      <UniqueIdentifier>{b36a5720-370d-4df1-bf20-880b4b68b2b0}</UniqueIdentifier>
    </Filter>
    <Filter Include="Header Files\Renderer\D3D12\Resource">
      <UniqueIdentifier>{fb743ada-f0e1-4714-a913-0e1bcda11812}</UniqueIdentifier>
    </Filter>
    <Filter Include="Header Files\Renderer\D3D12\Shaders">
      <UniqueIdentifier>{b312301c-f3a3-4bd4-bd39-7a6b8c7c0b38}</UniqueIdentifier>
    </Filter>
    <Filter Include="Source Files\Renderer\D3D12\Device">
      <UniqueIdentifier>{c09e9684-2cef-44f9-9f47-c3868e4f53fa}</UniqueIdentifier>
    </Filter>
    <Filter Include="Source Files\Renderer\D3D12\Resource">
      <UniqueIdentifier>{511cfda3-2e13-42db-8632-437ee2c69c11}</UniqueIdentifier>
    </Filter>
    <Filter Include="Source Files\Renderer\D3D12\Shaders">
      <UniqueIdentifier>{990f5271-40a2-4071-9be7-4d783e321b4d}</UniqueIdentifier>
    </Filter>
    <Filter Include="Header Files\Renderer\Scene">
      <UniqueIdentifier>{705f68ce-83b4-4011-80aa-06e229f9bbf8}</UniqueIdentifier>
    </Filter>
    <Filter Include="Source Files\Renderer\Scene">
      <UniqueIdentifier>{1f2840a6-3acd-429f-ab88-87d049b9be00}</UniqueIdentifier>
    </Filter>
    <Filter Include="Header Files\Renderer\ImGUI">
      <UniqueIdentifier>{a9e02372-24e4-4bb1-962e-b544d8a80977}</UniqueIdentifier>
    </Filter>
    <Filter Include="Source Files\Renderer\ImGUI">
      <UniqueIdentifier>{80ab644e-df2b-4d2a-9276-3c890f18f889}</UniqueIdentifier>
    </Filter>
    <Filter Include="Resource Files\Dependencies">
      <UniqueIdentifier>{7028ea46-1ad0-4269-91d6-bfd4cf58af8e}</UniqueIdentifier>
    </Filter>
    <Filter Include="Resource Files\Dependencies\dll">
      <UniqueIdentifier>{dc161553-aa58-4281-a4f0-fb55017d954c}</UniqueIdentifier>
    </Filter>
    <Filter Include="Resource Files\Dependencies\lib">
      <UniqueIdentifier>{7965c45e-39fd-4f29-9e31-a3980daf62c9}</UniqueIdentifier>
    </Filter>
  </ItemGroup>
  <ItemGroup>
    <ClCompile Include="_Core\CoreWindow.cpp">
      <Filter>Source Files\Core</Filter>
    </ClCompile>
    <ClCompile Include="main.cpp">
      <Filter>Source Files\Core</Filter>
    </ClCompile>
    <ClCompile Include="_Utilities\AssimpLoader.cpp">
      <Filter>Source Files\Utilities</Filter>
    </ClCompile>
    <ClCompile Include="_Utilities\TextureLoader.cpp">
      <Filter>Source Files\Utilities</Filter>
    </ClCompile>
    <ClCompile Include="_Core\Camera.cpp">
      <Filter>Source Files\Core</Filter>
    </ClCompile>
    <ClCompile Include="_Renderer\RendererD3D12.cpp">
      <Filter>Source Files\Renderer\D3D12</Filter>
    </ClCompile>
    <ClCompile Include="_Renderer\D3D12\Device\CommandList.cpp">
      <Filter>Source Files\Renderer\D3D12\Device</Filter>
    </ClCompile>
    <ClCompile Include="_Renderer\D3D12\Device\CommandQueue.cpp">
      <Filter>Source Files\Renderer\D3D12\Device</Filter>
    </ClCompile>
    <ClCompile Include="_Renderer\D3D12\Device\DeviceD3D12.cpp">
      <Filter>Source Files\Renderer\D3D12\Device</Filter>
    </ClCompile>
    <ClCompile Include="_Renderer\D3D12\Device\SwapChain.cpp">
      <Filter>Source Files\Renderer\D3D12\Device</Filter>
    </ClCompile>
    <ClCompile Include="_Renderer\D3D12\Shaders\ShaderCache.cpp">
      <Filter>Source Files\Renderer\D3D12\Shaders</Filter>
    </ClCompile>
    <ClCompile Include="_Renderer\D3D12\Resources\DescriptorHeap.cpp">
      <Filter>Source Files\Renderer\D3D12\Resource</Filter>
    </ClCompile>
    <ClCompile Include="_Renderer\D3D12\Resources\Texture2DResource.cpp">
      <Filter>Source Files\Renderer\D3D12\Resource</Filter>
    </ClCompile>
    <ClCompile Include="_Renderer\Scene\RenderEntity.cpp">
      <Filter>Source Files\Renderer\Scene</Filter>
    </ClCompile>
    <ClCompile Include="_Utilities\CLParser.cpp">
      <Filter>Source Files\Utilities</Filter>
    </ClCompile>
    <ClCompile Include="_Renderer\ImGUI\ImGUIEngine.cpp">
      <Filter>Source Files\Renderer\ImGUI</Filter>
    </ClCompile>
    <ClCompile Include="_Core\InputManager.cpp">
      <Filter>Source Files\Core</Filter>
    </ClCompile>
    <ClCompile Include="_Utilities\Logger.cpp">
      <Filter>Source Files\Utilities</Filter>
    </ClCompile>
    <ClCompile Include="_Renderer\D3D12\Shaders\ShaderCompilerDXC.cpp">
      <Filter>Source Files\Renderer\D3D12\Shaders</Filter>
    </ClCompile>
    <ClCompile Include="_Renderer\D3D12\Shaders\ShaderCompilerFXC.cpp">
      <Filter>Source Files\Renderer\D3D12\Shaders</Filter>
    </ClCompile>
    <ClCompile Include="_Renderer\D3D12\Shaders\ShaderCompilerDX.cpp">
      <Filter>Source Files\Renderer\D3D12\Shaders</Filter>
    </ClCompile>
    <ClCompile Include="_Renderer\D3D12\Resources\IBufferResource.cpp">
      <Filter>Source Files\Renderer\D3D12\Resource</Filter>
    </ClCompile>
    <ClCompile Include="_Renderer\D3D12\Resources\VertexBufferResource.cpp">
      <Filter>Source Files\Renderer\D3D12\Resource</Filter>
    </ClCompile>
    <ClCompile Include="_Renderer\D3D12\Resources\IndexBufferResource.cpp">
      <Filter>Source Files\Renderer\D3D12\Resource</Filter>
    </ClCompile>
    <ClCompile Include="_Renderer\D3D12\Resources\ConstantBufferResource.cpp">
      <Filter>Source Files\Renderer\D3D12\Resource</Filter>
    </ClCompile>
    <ClCompile Include="_Renderer\D3D12\Resources\ConstantTable.cpp">
      <Filter>Source Files\Renderer\D3D12\Resource</Filter>
    </ClCompile>
    <ClCompile Include="_Renderer\D3D12\Resources\GpuResourceTable.cpp">
      <Filter>Source Files\Renderer\D3D12\Resource</Filter>
    </ClCompile>
  </ItemGroup>
  <ItemGroup>
    <ClInclude Include="_Core\CoreWindow.h">
      <Filter>Header Files\Core</Filter>
    </ClInclude>
    <ClInclude Include="_Core\Defines.h">
      <Filter>Header Files\Core</Filter>
    </ClInclude>
    <ClInclude Include="_Interfaces\IRenderer.h">
      <Filter>Header Files\Interfaces</Filter>
    </ClInclude>
    <ClInclude Include="_Renderer\IBufferResource.h">
      <Filter>Header Files\Interfaces</Filter>
    </ClInclude>
    <ClInclude Include="_Utilities\PixScopedEvent.h">
      <Filter>Header Files\Utilities</Filter>
    </ClInclude>
    <ClInclude Include="_Utilities\AssimpLoader.h">
      <Filter>Header Files\Utilities</Filter>
    </ClInclude>
    <ClInclude Include="_Renderer\TextureLoader.h">
      <Filter>Header Files\Utilities</Filter>
    </ClInclude>
    <ClInclude Include="_Utilities\TextureLoader.h">
      <Filter>Header Files\Utilities</Filter>
    </ClInclude>
    <ClInclude Include="_Core\Camera.h">
      <Filter>Header Files\Core</Filter>
    </ClInclude>
    <ClInclude Include="_Renderer\RendererD3D12.h">
      <Filter>Header Files\Renderer\D3D12</Filter>
    </ClInclude>
    <ClInclude Include="_Core\RenderEntity.h">
      <Filter>Header Files\Renderer\Scene</Filter>
    </ClInclude>
    <ClInclude Include="_Core\d3dx12.h">
      <Filter>Header Files\Renderer\D3D12</Filter>
    </ClInclude>
    <ClInclude Include="_Renderer\D3D12\Device\CommandList.h">
      <Filter>Header Files\Renderer\D3D12\Device</Filter>
    </ClInclude>
    <ClInclude Include="_Renderer\D3D12\Device\CommandQueue.h">
      <Filter>Header Files\Renderer\D3D12\Device</Filter>
    </ClInclude>
    <ClInclude Include="_Renderer\D3D12\Device\DeviceD3D12.h">
      <Filter>Header Files\Renderer\D3D12\Device</Filter>
    </ClInclude>
    <ClInclude Include="_Renderer\D3D12\Device\SwapChain.h">
      <Filter>Header Files\Renderer\D3D12\Device</Filter>
    </ClInclude>
    <ClInclude Include="_Renderer\D3D12\Shaders\ShaderCache.h">
      <Filter>Header Files\Renderer\D3D12\Shaders</Filter>
    </ClInclude>
    <ClInclude Include="_Renderer\D3D12\Resources\DescriptorHeap.h">
      <Filter>Header Files\Renderer\D3D12\Resource</Filter>
    </ClInclude>
    <ClInclude Include="_Renderer\D3D12\Resources\IBufferResource.h">
      <Filter>Header Files\Renderer\D3D12\Resource</Filter>
    </ClInclude>
    <ClInclude Include="_Renderer\D3D12\Resources\IndexBufferResource.h">
      <Filter>Header Files\Renderer\D3D12\Resource</Filter>
    </ClInclude>
    <ClInclude Include="_Renderer\D3D12\Resources\Texture2DResource.h">
      <Filter>Header Files\Renderer\D3D12\Resource</Filter>
    </ClInclude>
    <ClInclude Include="_Renderer\D3D12\Resources\UploadBuffer.h">
      <Filter>Header Files\Renderer\D3D12\Resource</Filter>
    </ClInclude>
    <ClInclude Include="_Renderer\D3D12\Resources\VertexBufferResource.h">
      <Filter>Header Files\Renderer\D3D12\Resource</Filter>
    </ClInclude>
    <ClInclude Include="_Utilities\Logger.h">
      <Filter>Header Files\Utilities</Filter>
    </ClInclude>
    <ClInclude Include="_Utilities\CLParser.h">
      <Filter>Header Files\Utilities</Filter>
    </ClInclude>
    <ClInclude Include="_Renderer\ImGUI\ImGUIEngine.h">
      <Filter>Header Files\Renderer\ImGUI</Filter>
    </ClInclude>
    <ClInclude Include="_Core\InputManager.h">
      <Filter>Header Files\Core</Filter>
    </ClInclude>
    <ClInclude Include="_Utilities\ProfileMarker.h">
      <Filter>Header Files\Utilities</Filter>
    </ClInclude>
    <ClInclude Include="_Interfaces\IShaderCompiler.h">
      <Filter>Header Files\Interfaces</Filter>
    </ClInclude>
    <ClInclude Include="_Interfaces\IShader.h">
      <Filter>Header Files\Interfaces</Filter>
    </ClInclude>
    <ClInclude Include="_Renderer\D3D12\Shaders\ShaderCompilerDXC.h">
      <Filter>Header Files\Renderer\D3D12\Shaders</Filter>
    </ClInclude>
    <ClInclude Include="_Renderer\D3D12\Shaders\ShaderCompilerFXC.h">
      <Filter>Header Files\Renderer\D3D12\Shaders</Filter>
    </ClInclude>
    <ClInclude Include="_Renderer\D3D12\Shaders\ShaderD3D12.h">
      <Filter>Header Files\Renderer\D3D12\Shaders</Filter>
    </ClInclude>
    <ClInclude Include="_Renderer\D3D12\Shaders\ShaderCompilerDX.h">
      <Filter>Header Files\Renderer\D3D12\Shaders</Filter>
    </ClInclude>
    <ClInclude Include="_Renderer\D3D12\Resources\ConstantBufferResource.h">
      <Filter>Header Files\Renderer\D3D12\Resource</Filter>
    </ClInclude>
    <ClInclude Include="_Renderer\D3D12\Resources\ConstantBufferParameters.h">
      <Filter>Header Files\Renderer\D3D12\Resource</Filter>
    </ClInclude>
    <ClInclude Include="_Renderer\D3D12\Resources\ConstantTable.h">
      <Filter>Header Files\Renderer\D3D12\Resource</Filter>
    </ClInclude>
    <ClInclude Include="_Renderer\D3D12\Resources\GpuResourceTable.h">
      <Filter>Header Files\Renderer\D3D12\Resource</Filter>
    </ClInclude>
  </ItemGroup>
  <ItemGroup>
    <None Include="packages.config" />
    <None Include="_Dependencies\dll\assimp-vc142-mtd.dll">
      <Filter>Resource Files\Dependencies\dll</Filter>
    </None>
    <None Include="_Dependencies\dll\dxcompiler.dll">
      <Filter>Resource Files\Dependencies\dll</Filter>
    </None>
    <None Include="_Dependencies\dll\dxil.dll">
      <Filter>Resource Files\Dependencies\dll</Filter>
    </None>
    <None Include="_Dependencies\lib\ImGUI.pdb">
      <Filter>Resource Files\Dependencies\lib</Filter>
    </None>
    <None Include="_Shaders\Albedo.ps">
      <Filter>Resource Files\Shaders</Filter>
    </None>
    <None Include="_Shaders\Albedo.vs">
      <Filter>Resource Files\Shaders</Filter>
    </None>
    <None Include="_Shaders\Basic.ps">
      <Filter>Resource Files\Shaders</Filter>
    </None>
    <None Include="_Shaders\Basic.vs">
      <Filter>Resource Files\Shaders</Filter>
    </None>
  </ItemGroup>
  <ItemGroup>
    <Library Include="_Dependencies\lib\assimp-vc142-mtd.lib">
      <Filter>Resource Files\Dependencies\lib</Filter>
    </Library>
    <Library Include="_Dependencies\lib\ImGUI.lib">
      <Filter>Resource Files\Dependencies\lib</Filter>
    </Library>
    <Library Include="_Dependencies\lib\IrrXMLd.lib">
      <Filter>Resource Files\Dependencies\lib</Filter>
    </Library>
    <Library Include="_Dependencies\lib\zlibd.lib">
      <Filter>Resource Files\Dependencies\lib</Filter>
    </Library>
    <Library Include="_Dependencies\lib\zlibstaticd.lib">
      <Filter>Resource Files\Dependencies\lib</Filter>
    </Library>
  </ItemGroup>
</Project>